
Microsoft Visual Studio Solution File, Format Version 12.00
# Visual Studio Version 17
VisualStudioVersion = 17.0.31919.166
MinimumVisualStudioVersion = 10.0.40219.1
Project("{FAE04EC0-301F-11D3-BF4B-00C04F79EFBC}") = "ShimizuConceptMVC", "ShimizuConceptMVC\ShimizuConceptMVC.csproj", "{A3697220-FFA7-449D-9A8F-36BE7BF9CF2E}"
EndProject
Global
	GlobalSection(SolutionConfigurationPlatforms) = preSolution
		Debug|Any CPU = Debug|Any CPU
		Release|Any CPU = Release|Any CPU
	EndGlobalSection
	GlobalSection(ProjectConfigurationPlatforms) = postSolution
		{A3697220-FFA7-449D-9A8F-36BE7BF9CF2E}.Debug|Any CPU.ActiveCfg = Debug|Any CPU
		{A3697220-FFA7-449D-9A8F-36BE7BF9CF2E}.Debug|Any CPU.Build.0 = Debug|Any CPU
		{A3697220-FFA7-449D-9A8F-36BE7BF9CF2E}.Release|Any CPU.ActiveCfg = Release|Any CPU
		{A3697220-FFA7-449D-9A8F-36BE7BF9CF2E}.Release|Any CPU.Build.0 = Release|Any CPU
	EndGlobalSection
	GlobalSection(SolutionProperties) = preSolution
		HideSolutionNode = FALSE
	EndGlobalSection
	GlobalSection(ExtensibilityGlobals) = postSolution
		SolutionGuid = {7B78F6BA-2E1D-4C52-95EB-329022B75AF0}
	EndGlobalSection
EndGlobal
